// !$*UTF8*$!
{
	archiveVersion = 1;
	classes = {
	};
	objectVersion = 56;
	objects = {

/* Begin PBXBuildFile section */
		9D18A32B2CD2E80B00F082AE /* Max_GyroApp.swift in Sources */ = {isa = PBXBuildFile; fileRef = 9D18A32A2CD2E80B00F082AE /* Max_GyroApp.swift */; };
		9D18A32D2CD2E80B00F082AE /* ContentView.swift in Sources */ = {isa = PBXBuildFile; fileRef = 9D18A32C2CD2E80B00F082AE /* ContentView.swift */; };
		9D18A32F2CD2E80C00F082AE /* Assets.xcassets in Resources */ = {isa = PBXBuildFile; fileRef = 9D18A32E2CD2E80C00F082AE /* Assets.xcassets */; };
		9D18A3322CD2E80C00F082AE /* Preview Assets.xcassets in Resources */ = {isa = PBXBuildFile; fileRef = 9D18A3312CD2E80C00F082AE /* Preview Assets.xcassets */; };
		9D18A33C2CD2E80C00F082AE /* Max_GyroTests.swift in Sources */ = {isa = PBXBuildFile; fileRef = 9D18A33B2CD2E80C00F082AE /* Max_GyroTests.swift */; };
		9D18A3462CD2E80C00F082AE /* Max_GyroUITests.swift in Sources */ = {isa = PBXBuildFile; fileRef = 9D18A3452CD2E80C00F082AE /* Max_GyroUITests.swift */; };
		9D18A3482CD2E80C00F082AE /* Max_GyroUITestsLaunchTests.swift in Sources */ = {isa = PBXBuildFile; fileRef = 9D18A3472CD2E80C00F082AE /* Max_GyroUITestsLaunchTests.swift */; };
		9D18A3562CE5C39300F082AE /* CocoaAsyncSocket in Frameworks */ = {isa = PBXBuildFile; productRef = 9D18A3552CE5C39300F082AE /* CocoaAsyncSocket */; };
		9D18A3F12CE6470600F082AE /* SwiftOSC.framework in Frameworks */ = {isa = PBXBuildFile; fileRef = 9D18A3F02CE646FE00F082AE /* SwiftOSC.framework */; };
		9D18A3F22CE6470600F082AE /* SwiftOSC.framework in Embed Frameworks */ = {isa = PBXBuildFile; fileRef = 9D18A3F02CE646FE00F082AE /* SwiftOSC.framework */; settings = {ATTRIBUTES = (CodeSignOnCopy, RemoveHeadersOnCopy, ); }; };
/* End PBXBuildFile section */

/* Begin PBXContainerItemProxy section */
		9D18A3382CD2E80C00F082AE /* PBXContainerItemProxy */ = {
			isa = PBXContainerItemProxy;
			containerPortal = 9D18A31F2CD2E80B00F082AE /* Project object */;
			proxyType = 1;
			remoteGlobalIDString = 9D18A3262CD2E80B00F082AE;
			remoteInfo = "Max-Gyro";
		};
		9D18A3422CD2E80C00F082AE /* PBXContainerItemProxy */ = {
			isa = PBXContainerItemProxy;
			containerPortal = 9D18A31F2CD2E80B00F082AE /* Project object */;
			proxyType = 1;
			remoteGlobalIDString = 9D18A3262CD2E80B00F082AE;
			remoteInfo = "Max-Gyro";
		};
		9D18A3EF2CE646FE00F082AE /* PBXContainerItemProxy */ = {
			isa = PBXContainerItemProxy;
			containerPortal = 9D18A3EB2CE646FE00F082AE /* iOS.xcodeproj */;
			proxyType = 2;
			remoteGlobalIDString = 036486761F820BBD00F3D6CE;
			remoteInfo = SwiftOSC;
		};
/* End PBXContainerItemProxy section */

/* Begin PBXCopyFilesBuildPhase section */
		9D18A3F32CE6470600F082AE /* Embed Frameworks */ = {
			isa = PBXCopyFilesBuildPhase;
			buildActionMask = 2147483647;
			dstPath = "";
			dstSubfolderSpec = 10;
			files = (
				9D18A3F22CE6470600F082AE /* SwiftOSC.framework in Embed Frameworks */,
			);
			name = "Embed Frameworks";
			runOnlyForDeploymentPostprocessing = 0;
		};
/* End PBXCopyFilesBuildPhase section */

/* Begin PBXFileReference section */
		9D18A3272CD2E80B00F082AE /* Max-Gyro.app */ = {isa = PBXFileReference; explicitFileType = wrapper.application; includeInIndex = 0; path = "Max-Gyro.app"; sourceTree = BUILT_PRODUCTS_DIR; };
		9D18A32A2CD2E80B00F082AE /* Max_GyroApp.swift */ = {isa = PBXFileReference; lastKnownFileType = sourcecode.swift; path = Max_GyroApp.swift; sourceTree = "<group>"; };
		9D18A32C2CD2E80B00F082AE /* ContentView.swift */ = {isa = PBXFileReference; lastKnownFileType = sourcecode.swift; path = ContentView.swift; sourceTree = "<group>"; };
		9D18A32E2CD2E80C00F082AE /* Assets.xcassets */ = {isa = PBXFileReference; lastKnownFileType = folder.assetcatalog; path = Assets.xcassets; sourceTree = "<group>"; };
		9D18A3312CD2E80C00F082AE /* Preview Assets.xcassets */ = {isa = PBXFileReference; lastKnownFileType = folder.assetcatalog; path = "Preview Assets.xcassets"; sourceTree = "<group>"; };
		9D18A3372CD2E80C00F082AE /* Max-GyroTests.xctest */ = {isa = PBXFileReference; explicitFileType = wrapper.cfbundle; includeInIndex = 0; path = "Max-GyroTests.xctest"; sourceTree = BUILT_PRODUCTS_DIR; };
		9D18A33B2CD2E80C00F082AE /* Max_GyroTests.swift */ = {isa = PBXFileReference; lastKnownFileType = sourcecode.swift; path = Max_GyroTests.swift; sourceTree = "<group>"; };
		9D18A3412CD2E80C00F082AE /* Max-GyroUITests.xctest */ = {isa = PBXFileReference; explicitFileType = wrapper.cfbundle; includeInIndex = 0; path = "Max-GyroUITests.xctest"; sourceTree = BUILT_PRODUCTS_DIR; };
		9D18A3452CD2E80C00F082AE /* Max_GyroUITests.swift */ = {isa = PBXFileReference; lastKnownFileType = sourcecode.swift; path = Max_GyroUITests.swift; sourceTree = "<group>"; };
		9D18A3472CD2E80C00F082AE /* Max_GyroUITestsLaunchTests.swift */ = {isa = PBXFileReference; lastKnownFileType = sourcecode.swift; path = Max_GyroUITestsLaunchTests.swift; sourceTree = "<group>"; };
		9D18A3EB2CE646FE00F082AE /* iOS.xcodeproj */ = {isa = PBXFileReference; lastKnownFileType = "wrapper.pb-project"; name = iOS.xcodeproj; path = "../Open Source/SwiftOSC-master/Framework/iOS/iOS.xcodeproj"; sourceTree = "<group>"; };
/* End PBXFileReference section */

/* Begin PBXFrameworksBuildPhase section */
		9D18A3242CD2E80B00F082AE /* Frameworks */ = {
			isa = PBXFrameworksBuildPhase;
			buildActionMask = 2147483647;
			files = (
				9D18A3F12CE6470600F082AE /* SwiftOSC.framework in Frameworks */,
				9D18A3562CE5C39300F082AE /* CocoaAsyncSocket in Frameworks */,
			);
			runOnlyForDeploymentPostprocessing = 0;
		};
		9D18A3342CD2E80C00F082AE /* Frameworks */ = {
			isa = PBXFrameworksBuildPhase;
			buildActionMask = 2147483647;
			files = (
			);
			runOnlyForDeploymentPostprocessing = 0;
		};
		9D18A33E2CD2E80C00F082AE /* Frameworks */ = {
			isa = PBXFrameworksBuildPhase;
			buildActionMask = 2147483647;
			files = (
			);
			runOnlyForDeploymentPostprocessing = 0;
		};
/* End PBXFrameworksBuildPhase section */

/* Begin PBXGroup section */
		9D18A31E2CD2E80B00F082AE = {
			isa = PBXGroup;
			children = (
				9D18A3292CD2E80B00F082AE /* Max-Gyro */,
				9D18A33A2CD2E80C00F082AE /* Max-GyroTests */,
				9D18A3442CD2E80C00F082AE /* Max-GyroUITests */,
				9D18A3282CD2E80B00F082AE /* Products */,
				9D18A3EA2CE646FD00F082AE /* Frameworks */,
			);
			sourceTree = "<group>";
		};
		9D18A3282CD2E80B00F082AE /* Products */ = {
			isa = PBXGroup;
			children = (
				9D18A3272CD2E80B00F082AE /* Max-Gyro.app */,
				9D18A3372CD2E80C00F082AE /* Max-GyroTests.xctest */,
				9D18A3412CD2E80C00F082AE /* Max-GyroUITests.xctest */,
			);
			name = Products;
			sourceTree = "<group>";
		};
		9D18A3292CD2E80B00F082AE /* Max-Gyro */ = {
			isa = PBXGroup;
			children = (
				9D18A32A2CD2E80B00F082AE /* Max_GyroApp.swift */,
				9D18A32C2CD2E80B00F082AE /* ContentView.swift */,
				9D18A32E2CD2E80C00F082AE /* Assets.xcassets */,
				9D18A3302CD2E80C00F082AE /* Preview Content */,
			);
			path = "Max-Gyro";
			sourceTree = "<group>";
		};
		9D18A3302CD2E80C00F082AE /* Preview Content */ = {
			isa = PBXGroup;
			children = (
				9D18A3312CD2E80C00F082AE /* Preview Assets.xcassets */,
			);
			path = "Preview Content";
			sourceTree = "<group>";
		};
		9D18A33A2CD2E80C00F082AE /* Max-GyroTests */ = {
			isa = PBXGroup;
			children = (
				9D18A33B2CD2E80C00F082AE /* Max_GyroTests.swift */,
			);
			path = "Max-GyroTests";
			sourceTree = "<group>";
		};
		9D18A3442CD2E80C00F082AE /* Max-GyroUITests */ = {
			isa = PBXGroup;
			children = (
				9D18A3452CD2E80C00F082AE /* Max_GyroUITests.swift */,
				9D18A3472CD2E80C00F082AE /* Max_GyroUITestsLaunchTests.swift */,
			);
			path = "Max-GyroUITests";
			sourceTree = "<group>";
		};
		9D18A3EA2CE646FD00F082AE /* Frameworks */ = {
			isa = PBXGroup;
			children = (
				9D18A3EB2CE646FE00F082AE /* iOS.xcodeproj */,
			);
			name = Frameworks;
			sourceTree = "<group>";
		};
		9D18A3EC2CE646FE00F082AE /* Products */ = {
			isa = PBXGroup;
			children = (
				9D18A3F02CE646FE00F082AE /* SwiftOSC.framework */,
			);
			name = Products;
			sourceTree = "<group>";
		};
/* End PBXGroup section */

/* Begin PBXNativeTarget section */
		9D18A3262CD2E80B00F082AE /* Max-Gyro */ = {
			isa = PBXNativeTarget;
			buildConfigurationList = 9D18A34B2CD2E80C00F082AE /* Build configuration list for PBXNativeTarget "Max-Gyro" */;
			buildPhases = (
				9D18A3232CD2E80B00F082AE /* Sources */,
				9D18A3242CD2E80B00F082AE /* Frameworks */,
				9D18A3252CD2E80B00F082AE /* Resources */,
				9D18A3F32CE6470600F082AE /* Embed Frameworks */,
			);
			buildRules = (
			);
			dependencies = (
			);
			name = "Max-Gyro";
			packageProductDependencies = (
				9D18A3552CE5C39300F082AE /* CocoaAsyncSocket */,
			);
			productName = "Max-Gyro";
			productReference = 9D18A3272CD2E80B00F082AE /* Max-Gyro.app */;
			productType = "com.apple.product-type.application";
		};
		9D18A3362CD2E80C00F082AE /* Max-GyroTests */ = {
			isa = PBXNativeTarget;
			buildConfigurationList = 9D18A34E2CD2E80C00F082AE /* Build configuration list for PBXNativeTarget "Max-GyroTests" */;
			buildPhases = (
				9D18A3332CD2E80C00F082AE /* Sources */,
				9D18A3342CD2E80C00F082AE /* Frameworks */,
				9D18A3352CD2E80C00F082AE /* Resources */,
			);
			buildRules = (
			);
			dependencies = (
				9D18A3392CD2E80C00F082AE /* PBXTargetDependency */,
			);
			name = "Max-GyroTests";
			productName = "Max-GyroTests";
			productReference = 9D18A3372CD2E80C00F082AE /* Max-GyroTests.xctest */;
			productType = "com.apple.product-type.bundle.unit-test";
		};
		9D18A3402CD2E80C00F082AE /* Max-GyroUITests */ = {
			isa = PBXNativeTarget;
			buildConfigurationList = 9D18A3512CD2E80C00F082AE /* Build configuration list for PBXNativeTarget "Max-GyroUITests" */;
			buildPhases = (
				9D18A33D2CD2E80C00F082AE /* Sources */,
				9D18A33E2CD2E80C00F082AE /* Frameworks */,
				9D18A33F2CD2E80C00F082AE /* Resources */,
			);
			buildRules = (
			);
			dependencies = (
				9D18A3432CD2E80C00F082AE /* PBXTargetDependency */,
			);
			name = "Max-GyroUITests";
			productName = "Max-GyroUITests";
			productReference = 9D18A3412CD2E80C00F082AE /* Max-GyroUITests.xctest */;
			productType = "com.apple.product-type.bundle.ui-testing";
		};
/* End PBXNativeTarget section */

/* Begin PBXProject section */
		9D18A31F2CD2E80B00F082AE /* Project object */ = {
			isa = PBXProject;
			attributes = {
				BuildIndependentTargetsInParallel = 1;
				LastSwiftUpdateCheck = 1500;
				LastUpgradeCheck = 1500;
				TargetAttributes = {
					9D18A3262CD2E80B00F082AE = {
						CreatedOnToolsVersion = 15.0;
					};
					9D18A3362CD2E80C00F082AE = {
						CreatedOnToolsVersion = 15.0;
						TestTargetID = 9D18A3262CD2E80B00F082AE;
					};
					9D18A3402CD2E80C00F082AE = {
						CreatedOnToolsVersion = 15.0;
						TestTargetID = 9D18A3262CD2E80B00F082AE;
					};
				};
			};
			buildConfigurationList = 9D18A3222CD2E80B00F082AE /* Build configuration list for PBXProject "Max-Gyro" */;
			compatibilityVersion = "Xcode 14.0";
			developmentRegion = en;
			hasScannedForEncodings = 0;
			knownRegions = (
				en,
				Base,
			);
			mainGroup = 9D18A31E2CD2E80B00F082AE;
			packageReferences = (
				9D18A3542CE5C39300F082AE /* XCRemoteSwiftPackageReference "CocoaAsyncSocket" */,
			);
			productRefGroup = 9D18A3282CD2E80B00F082AE /* Products */;
			projectDirPath = "";
			projectReferences = (
				{
					ProductGroup = 9D18A3EC2CE646FE00F082AE /* Products */;
					ProjectRef = 9D18A3EB2CE646FE00F082AE /* iOS.xcodeproj */;
				},
			);
			projectRoot = "";
			targets = (
				9D18A3262CD2E80B00F082AE /* Max-Gyro */,
				9D18A3362CD2E80C00F082AE /* Max-GyroTests */,
				9D18A3402CD2E80C00F082AE /* Max-GyroUITests */,
			);
		};
/* End PBXProject section */

/* Begin PBXReferenceProxy section */
		9D18A3F02CE646FE00F082AE /* SwiftOSC.framework */ = {
			isa = PBXReferenceProxy;
			fileType = wrapper.framework;
			path = SwiftOSC.framework;
			remoteRef = 9D18A3EF2CE646FE00F082AE /* PBXContainerItemProxy */;
			sourceTree = BUILT_PRODUCTS_DIR;
		};
/* End PBXReferenceProxy section */

/* Begin PBXResourcesBuildPhase section */
		9D18A3252CD2E80B00F082AE /* Resources */ = {
			isa = PBXResourcesBuildPhase;
			buildActionMask = 2147483647;
			files = (
				9D18A3322CD2E80C00F082AE /* Preview Assets.xcassets in Resources */,
				9D18A32F2CD2E80C00F082AE /* Assets.xcassets in Resources */,
			);
			runOnlyForDeploymentPostprocessing = 0;
		};
		9D18A3352CD2E80C00F082AE /* Resources */ = {
			isa = PBXResourcesBuildPhase;
			buildActionMask = 2147483647;
			files = (
			);
			runOnlyForDeploymentPostprocessing = 0;
		};
		9D18A33F2CD2E80C00F082AE /* Resources */ = {
			isa = PBXResourcesBuildPhase;
			buildActionMask = 2147483647;
			files = (
			);
			runOnlyForDeploymentPostprocessing = 0;
		};
/* End PBXResourcesBuildPhase section */

/* Begin PBXSourcesBuildPhase section */
		9D18A3232CD2E80B00F082AE /* Sources */ = {
			isa = PBXSourcesBuildPhase;
			buildActionMask = 2147483647;
			files = (
				9D18A32D2CD2E80B00F082AE /* ContentView.swift in Sources */,
				9D18A32B2CD2E80B00F082AE /* Max_GyroApp.swift in Sources */,
			);
			runOnlyForDeploymentPostprocessing = 0;
		};
		9D18A3332CD2E80C00F082AE /* Sources */ = {
			isa = PBXSourcesBuildPhase;
			buildActionMask = 2147483647;
			files = (
				9D18A33C2CD2E80C00F082AE /* Max_GyroTests.swift in Sources */,
			);
			runOnlyForDeploymentPostprocessing = 0;
		};
		9D18A33D2CD2E80C00F082AE /* Sources */ = {
			isa = PBXSourcesBuildPhase;
			buildActionMask = 2147483647;
			files = (
				9D18A3482CD2E80C00F082AE /* Max_GyroUITestsLaunchTests.swift in Sources */,
				9D18A3462CD2E80C00F082AE /* Max_GyroUITests.swift in Sources */,
			);
			runOnlyForDeploymentPostprocessing = 0;
		};
/* End PBXSourcesBuildPhase section */

/* Begin PBXTargetDependency section */
		9D18A3392CD2E80C00F082AE /* PBXTargetDependency */ = {
			isa = PBXTargetDependency;
			target = 9D18A3262CD2E80B00F082AE /* Max-Gyro */;
			targetProxy = 9D18A3382CD2E80C00F082AE /* PBXContainerItemProxy */;
		};
		9D18A3432CD2E80C00F082AE /* PBXTargetDependency */ = {
			isa = PBXTargetDependency;
			target = 9D18A3262CD2E80B00F082AE /* Max-Gyro */;
			targetProxy = 9D18A3422CD2E80C00F082AE /* PBXContainerItemProxy */;
		};
/* End PBXTargetDependency section */

/* Begin XCBuildConfiguration section */
		9D18A3492CD2E80C00F082AE /* Debug */ = {
			isa = XCBuildConfiguration;
			buildSettings = {
				ALWAYS_SEARCH_USER_PATHS = NO;
				ASSETCATALOG_COMPILER_GENERATE_SWIFT_ASSET_SYMBOL_EXTENSIONS = YES;
				CLANG_ANALYZER_NONNULL = YES;
				CLANG_ANALYZER_NUMBER_OBJECT_CONVERSION = YES_AGGRESSIVE;
				CLANG_CXX_LANGUAGE_STANDARD = "gnu++20";
				CLANG_ENABLE_MODULES = YES;
				CLANG_ENABLE_OBJC_ARC = YES;
				CLANG_ENABLE_OBJC_WEAK = YES;
				CLANG_WARN_BLOCK_CAPTURE_AUTORELEASING = YES;
				CLANG_WARN_BOOL_CONVERSION = YES;
				CLANG_WARN_COMMA = YES;
				CLANG_WARN_CONSTANT_CONVERSION = YES;
				CLANG_WARN_DEPRECATED_OBJC_IMPLEMENTATIONS = YES;
				CLANG_WARN_DIRECT_OBJC_ISA_USAGE = YES_ERROR;
				CLANG_WARN_DOCUMENTATION_COMMENTS = YES;
				CLANG_WARN_EMPTY_BODY = YES;
				CLANG_WARN_ENUM_CONVERSION = YES;
				CLANG_WARN_INFINITE_RECURSION = YES;
				CLANG_WARN_INT_CONVERSION = YES;
				CLANG_WARN_NON_LITERAL_NULL_CONVERSION = YES;
				CLANG_WARN_OBJC_IMPLICIT_RETAIN_SELF = YES;
				CLANG_WARN_OBJC_LITERAL_CONVERSION = YES;
				CLANG_WARN_OBJC_ROOT_CLASS = YES_ERROR;
				CLANG_WARN_QUOTED_INCLUDE_IN_FRAMEWORK_HEADER = YES;
				CLANG_WARN_RANGE_LOOP_ANALYSIS = YES;
				CLANG_WARN_STRICT_PROTOTYPES = YES;
				CLANG_WARN_SUSPICIOUS_MOVE = YES;
				CLANG_WARN_UNGUARDED_AVAILABILITY = YES_AGGRESSIVE;
				CLANG_WARN_UNREACHABLE_CODE = YES;
				CLANG_WARN__DUPLICATE_METHOD_MATCH = YES;
				COPY_PHASE_STRIP = NO;
				DEBUG_INFORMATION_FORMAT = dwarf;
				ENABLE_STRICT_OBJC_MSGSEND = YES;
				ENABLE_TESTABILITY = YES;
				ENABLE_USER_SCRIPT_SANDBOXING = YES;
				GCC_C_LANGUAGE_STANDARD = gnu17;
				GCC_DYNAMIC_NO_PIC = NO;
				GCC_NO_COMMON_BLOCKS = YES;
				GCC_OPTIMIZATION_LEVEL = 0;
				GCC_PREPROCESSOR_DEFINITIONS = (
					"DEBUG=1",
					"$(inherited)",
				);
				GCC_WARN_64_TO_32_BIT_CONVERSION = YES;
				GCC_WARN_ABOUT_RETURN_TYPE = YES_ERROR;
				GCC_WARN_UNDECLARED_SELECTOR = YES;
				GCC_WARN_UNINITIALIZED_AUTOS = YES_AGGRESSIVE;
				GCC_WARN_UNUSED_FUNCTION = YES;
				GCC_WARN_UNUSED_VARIABLE = YES;
				IPHONEOS_DEPLOYMENT_TARGET = 17.0;
				LOCALIZATION_PREFERS_STRING_CATALOGS = YES;
				MTL_ENABLE_DEBUG_INFO = INCLUDE_SOURCE;
				MTL_FAST_MATH = YES;
				ONLY_ACTIVE_ARCH = YES;
				SDKROOT = iphoneos;
				SWIFT_ACTIVE_COMPILATION_CONDITIONS = "DEBUG $(inherited)";
				SWIFT_OPTIMIZATION_LEVEL = "-Onone";
			};
			name = Debug;
		};
		9D18A34A2CD2E80C00F082AE /* Release */ = {
			isa = XCBuildConfiguration;
			buildSettings = {
				ALWAYS_SEARCH_USER_PATHS = NO;
				ASSETCATALOG_COMPILER_GENERATE_SWIFT_ASSET_SYMBOL_EXTENSIONS = YES;
				CLANG_ANALYZER_NONNULL = YES;
				CLANG_ANALYZER_NUMBER_OBJECT_CONVERSION = YES_AGGRESSIVE;
				CLANG_CXX_LANGUAGE_STANDARD = "gnu++20";
				CLANG_ENABLE_MODULES = YES;
				CLANG_ENABLE_OBJC_ARC = YES;
				CLANG_ENABLE_OBJC_WEAK = YES;
				CLANG_WARN_BLOCK_CAPTURE_AUTORELEASING = YES;
				CLANG_WARN_BOOL_CONVERSION = YES;
				CLANG_WARN_COMMA = YES;
				CLANG_WARN_CONSTANT_CONVERSION = YES;
				CLANG_WARN_DEPRECATED_OBJC_IMPLEMENTATIONS = YES;
				CLANG_WARN_DIRECT_OBJC_ISA_USAGE = YES_ERROR;
				CLANG_WARN_DOCUMENTATION_COMMENTS = YES;
				CLANG_WARN_EMPTY_BODY = YES;
				CLANG_WARN_ENUM_CONVERSION = YES;
				CLANG_WARN_INFINITE_RECURSION = YES;
				CLANG_WARN_INT_CONVERSION = YES;
				CLANG_WARN_NON_LITERAL_NULL_CONVERSION = YES;
				CLANG_WARN_OBJC_IMPLICIT_RETAIN_SELF = YES;
				CLANG_WARN_OBJC_LITERAL_CONVERSION = YES;
				CLANG_WARN_OBJC_ROOT_CLASS = YES_ERROR;
				CLANG_WARN_QUOTED_INCLUDE_IN_FRAMEWORK_HEADER = YES;
				CLANG_WARN_RANGE_LOOP_ANALYSIS = YES;
				CLANG_WARN_STRICT_PROTOTYPES = YES;
				CLANG_WARN_SUSPICIOUS_MOVE = YES;
				CLANG_WARN_UNGUARDED_AVAILABILITY = YES_AGGRESSIVE;
				CLANG_WARN_UNREACHABLE_CODE = YES;
				CLANG_WARN__DUPLICATE_METHOD_MATCH = YES;
				COPY_PHASE_STRIP = NO;
				DEBUG_INFORMATION_FORMAT = "dwarf-with-dsym";
				ENABLE_NS_ASSERTIONS = NO;
				ENABLE_STRICT_OBJC_MSGSEND = YES;
				ENABLE_USER_SCRIPT_SANDBOXING = YES;
				GCC_C_LANGUAGE_STANDARD = gnu17;
				GCC_NO_COMMON_BLOCKS = YES;
				GCC_WARN_64_TO_32_BIT_CONVERSION = YES;
				GCC_WARN_ABOUT_RETURN_TYPE = YES_ERROR;
				GCC_WARN_UNDECLARED_SELECTOR = YES;
				GCC_WARN_UNINITIALIZED_AUTOS = YES_AGGRESSIVE;
				GCC_WARN_UNUSED_FUNCTION = YES;
				GCC_WARN_UNUSED_VARIABLE = YES;
				IPHONEOS_DEPLOYMENT_TARGET = 17.0;
				LOCALIZATION_PREFERS_STRING_CATALOGS = YES;
				MTL_ENABLE_DEBUG_INFO = NO;
				MTL_FAST_MATH = YES;
				SDKROOT = iphoneos;
				SWIFT_COMPILATION_MODE = wholemodule;
				VALIDATE_PRODUCT = YES;
			};
			name = Release;
		};
		9D18A34C2CD2E80C00F082AE /* Debug */ = {
			isa = XCBuildConfiguration;
			buildSettings = {
				ASSETCATALOG_COMPILER_APPICON_NAME = AppIcon;
				ASSETCATALOG_COMPILER_GLOBAL_ACCENT_COLOR_NAME = AccentColor;
				CODE_SIGN_STYLE = Automatic;
				CURRENT_PROJECT_VERSION = 1;
				DEVELOPMENT_ASSET_PATHS = "\"Max-Gyro/Preview Content\"";
				DEVELOPMENT_TEAM = GZ44K8J8CT;
				ENABLE_PREVIEWS = YES;
				GENERATE_INFOPLIST_FILE = YES;
				INFOPLIST_KEY_UIApplicationSceneManifest_Generation = YES;
				INFOPLIST_KEY_UIApplicationSupportsIndirectInputEvents = YES;
				INFOPLIST_KEY_UILaunchScreen_Generation = YES;
				INFOPLIST_KEY_UISupportedInterfaceOrientations_iPad = "UIInterfaceOrientationPortrait UIInterfaceOrientationPortraitUpsideDown UIInterfaceOrientationLandscapeLeft UIInterfaceOrientationLandscapeRight";
				INFOPLIST_KEY_UISupportedInterfaceOrientations_iPhone = UIInterfaceOrientationPortrait;
				LD_RUNPATH_SEARCH_PATHS = (
					"$(inherited)",
					"@executable_path/Frameworks",
				);
				MARKETING_VERSION = 1.0;
				PRODUCT_BUNDLE_IDENTIFIER = "ponikii.Max-Gyro";
				PRODUCT_NAME = "$(TARGET_NAME)";
				SWIFT_EMIT_LOC_STRINGS = YES;
				SWIFT_VERSION = 5.0;
				TARGETED_DEVICE_FAMILY = "1,2";
			};
			name = Debug;
		};
		9D18A34D2CD2E80C00F082AE /* Release */ = {
			isa = XCBuildConfiguration;
			buildSettings = {
				ASSETCATALOG_COMPILER_APPICON_NAME = AppIcon;
				ASSETCATALOG_COMPILER_GLOBAL_ACCENT_COLOR_NAME = AccentColor;
				CODE_SIGN_STYLE = Automatic;
				CURRENT_PROJECT_VERSION = 1;
				DEVELOPMENT_ASSET_PATHS = "\"Max-Gyro/Preview Content\"";
				DEVELOPMENT_TEAM = GZ44K8J8CT;
				ENABLE_PREVIEWS = YES;
				GENERATE_INFOPLIST_FILE = YES;
				INFOPLIST_KEY_UIApplicationSceneManifest_Generation = YES;
				INFOPLIST_KEY_UIApplicationSupportsIndirectInputEvents = YES;
				INFOPLIST_KEY_UILaunchScreen_Generation = YES;
				INFOPLIST_KEY_UISupportedInterfaceOrientations_iPad = "UIInterfaceOrientationPortrait UIInterfaceOrientationPortraitUpsideDown UIInterfaceOrientationLandscapeLeft UIInterfaceOrientationLandscapeRight";
				INFOPLIST_KEY_UISupportedInterfaceOrientations_iPhone = UIInterfaceOrientationPortrait;
				LD_RUNPATH_SEARCH_PATHS = (
					"$(inherited)",
					"@executable_path/Frameworks",
				);
				MARKETING_VERSION = 1.0;
				PRODUCT_BUNDLE_IDENTIFIER = "ponikii.Max-Gyro";
				PRODUCT_NAME = "$(TARGET_NAME)";
				SWIFT_EMIT_LOC_STRINGS = YES;
				SWIFT_VERSION = 5.0;
				TARGETED_DEVICE_FAMILY = "1,2";
			};
			name = Release;
		};
		9D18A34F2CD2E80C00F082AE /* Debug */ = {
			isa = XCBuildConfiguration;
			buildSettings = {
				ALWAYS_EMBED_SWIFT_STANDARD_LIBRARIES = YES;
				BUNDLE_LOADER = "$(TEST_HOST)";
				CODE_SIGN_STYLE = Automatic;
				CURRENT_PROJECT_VERSION = 1;
				DEVELOPMENT_TEAM = GZ44K8J8CT;
				GENERATE_INFOPLIST_FILE = YES;
				IPHONEOS_DEPLOYMENT_TARGET = 17.0;
				MARKETING_VERSION = 1.0;
				PRODUCT_BUNDLE_IDENTIFIER = "xmu.Max-GyroTests";
				PRODUCT_NAME = "$(TARGET_NAME)";
				SWIFT_EMIT_LOC_STRINGS = NO;
				SWIFT_VERSION = 5.0;
				TARGETED_DEVICE_FAMILY = "1,2";
				TEST_HOST = "$(BUILT_PRODUCTS_DIR)/Max-Gyro.app/$(BUNDLE_EXECUTABLE_FOLDER_PATH)/Max-Gyro";
			};
			name = Debug;
		};
		9D18A3502CD2E80C00F082AE /* Release */ = {
			isa = XCBuildConfiguration;
			buildSettings = {
				ALWAYS_EMBED_SWIFT_STANDARD_LIBRARIES = YES;
				BUNDLE_LOADER = "$(TEST_HOST)";
				CODE_SIGN_STYLE = Automatic;
				CURRENT_PROJECT_VERSION = 1;
				DEVELOPMENT_TEAM = GZ44K8J8CT;
				GENERATE_INFOPLIST_FILE = YES;
				IPHONEOS_DEPLOYMENT_TARGET = 17.0;
				MARKETING_VERSION = 1.0;
				PRODUCT_BUNDLE_IDENTIFIER = "xmu.Max-GyroTests";
				PRODUCT_NAME = "$(TARGET_NAME)";
				SWIFT_EMIT_LOC_STRINGS = NO;
				SWIFT_VERSION = 5.0;
				TARGETED_DEVICE_FAMILY = "1,2";
				TEST_HOST = "$(BUILT_PRODUCTS_DIR)/Max-Gyro.app/$(BUNDLE_EXECUTABLE_FOLDER_PATH)/Max-Gyro";
			};
			name = Release;
		};
		9D18A3522CD2E80C00F082AE /* Debug */ = {
			isa = XCBuildConfiguration;
			buildSettings = {
				ALWAYS_EMBED_SWIFT_STANDARD_LIBRARIES = YES;
				CODE_SIGN_STYLE = Automatic;
				CURRENT_PROJECT_VERSION = 1;
				DEVELOPMENT_TEAM = GZ44K8J8CT;
				GENERATE_INFOPLIST_FILE = YES;
				MARKETING_VERSION = 1.0;
				PRODUCT_BUNDLE_IDENTIFIER = "xmu.Max-GyroUITests";
				PRODUCT_NAME = "$(TARGET_NAME)";
				SWIFT_EMIT_LOC_STRINGS = NO;
				SWIFT_VERSION = 5.0;
				TARGETED_DEVICE_FAMILY = "1,2";
				TEST_TARGET_NAME = "Max-Gyro";
			};
			name = Debug;
		};
		9D18A3532CD2E80C00F082AE /* Release */ = {
			isa = XCBuildConfiguration;
			buildSettings = {
				ALWAYS_EMBED_SWIFT_STANDARD_LIBRARIES = YES;
				CODE_SIGN_STYLE = Automatic;
				CURRENT_PROJECT_VERSION = 1;
				DEVELOPMENT_TEAM = GZ44K8J8CT;
				GENERATE_INFOPLIST_FILE = YES;
				MARKETING_VERSION = 1.0;
				PRODUCT_BUNDLE_IDENTIFIER = "xmu.Max-GyroUITests";
				PRODUCT_NAME = "$(TARGET_NAME)";
				SWIFT_EMIT_LOC_STRINGS = NO;
				SWIFT_VERSION = 5.0;
				TARGETED_DEVICE_FAMILY = "1,2";
				TEST_TARGET_NAME = "Max-Gyro";
			};
			name = Release;
		};
/* End XCBuildConfiguration section */

/* Begin XCConfigurationList section */
		9D18A3222CD2E80B00F082AE /* Build configuration list for PBXProject "Max-Gyro" */ = {
			isa = XCConfigurationList;
			buildConfigurations = (
				9D18A3492CD2E80C00F082AE /* Debug */,
				9D18A34A2CD2E80C00F082AE /* Release */,
			);
			defaultConfigurationIsVisible = 0;
			defaultConfigurationName = Release;
		};
		9D18A34B2CD2E80C00F082AE /* Build configuration list for PBXNativeTarget "Max-Gyro" */ = {
			isa = XCConfigurationList;
			buildConfigurations = (
				9D18A34C2CD2E80C00F082AE /* Debug */,
				9D18A34D2CD2E80C00F082AE /* Release */,
			);
			defaultConfigurationIsVisible = 0;
			defaultConfigurationName = Release;
		};
		9D18A34E2CD2E80C00F082AE /* Build configuration list for PBXNativeTarget "Max-GyroTests" */ = {
			isa = XCConfigurationList;
			buildConfigurations = (
				9D18A34F2CD2E80C00F082AE /* Debug */,
				9D18A3502CD2E80C00F082AE /* Release */,
			);
			defaultConfigurationIsVisible = 0;
			defaultConfigurationName = Release;
		};
		9D18A3512CD2E80C00F082AE /* Build configuration list for PBXNativeTarget "Max-GyroUITests" */ = {
			isa = XCConfigurationList;
			buildConfigurations = (
				9D18A3522CD2E80C00F082AE /* Debug */,
				9D18A3532CD2E80C00F082AE /* Release */,
			);
			defaultConfigurationIsVisible = 0;
			defaultConfigurationName = Release;
		};
/* End XCConfigurationList section */

/* Begin XCRemoteSwiftPackageReference section */
		9D18A3542CE5C39300F082AE /* XCRemoteSwiftPackageReference "CocoaAsyncSocket" */ = {
			isa = XCRemoteSwiftPackageReference;
			repositoryURL = "https://github.com/robbiehanson/CocoaAsyncSocket";
			requirement = {
				kind = upToNextMajorVersion;
				minimumVersion = 7.6.5;
			};
		};
/* End XCRemoteSwiftPackageReference section */

/* Begin XCSwiftPackageProductDependency section */
		9D18A3552CE5C39300F082AE /* CocoaAsyncSocket */ = {
			isa = XCSwiftPackageProductDependency;
			package = 9D18A3542CE5C39300F082AE /* XCRemoteSwiftPackageReference "CocoaAsyncSocket" */;
			productName = CocoaAsyncSocket;
		};
/* End XCSwiftPackageProductDependency section */
	};
	rootObject = 9D18A31F2CD2E80B00F082AE /* Project object */;
}
